
Microsoft Visual Studio Solution File, Format Version 12.00
# Visual Studio Version 16
VisualStudioVersion = 16.0.31624.102
MinimumVisualStudioVersion = 10.0.40219.1
Project("{9A19103F-16F7-4668-BE54-9A1E7A4F7556}") = "Blog.Web", "src\Blog.Web\Blog.Web.csproj", "{59B36EE4-19A8-4B83-ADDE-53CC2437E989}"
EndProject
Project("{2150E333-8FDC-42A3-9474-1A3956D46DE8}") = "1 - Presentation", "1 - Presentation", "{55D9131B-CC93-4478-BFE9-6DFAB9844F69}"
EndProject
Project("{2150E333-8FDC-42A3-9474-1A3956D46DE8}") = "2 - Application", "2 - Application", "{9E6C29D7-5F1B-4B96-AF01-10D512C19E95}"
EndProject
Project("{2150E333-8FDC-42A3-9474-1A3956D46DE8}") = "3 - Domain", "3 - Domain", "{9FC24036-4CE0-4ECB-B32C-3DCAE5099208}"
EndProject
Project("{2150E333-8FDC-42A3-9474-1A3956D46DE8}") = "4 - Infrastructure", "4 - Infrastructure", "{D39D832A-A1EA-4124-9553-ABF312CFF19C}"
EndProject
Project("{2150E333-8FDC-42A3-9474-1A3956D46DE8}") = "5 - Externals Dependencies", "5 - Externals Dependencies", "{48B88729-D621-4F58-94A5-F228F21AA3E4}"
EndProject
Project("{2150E333-8FDC-42A3-9474-1A3956D46DE8}") = "6 - Extensions", "6 - Extensions", "{B77BBA49-B72D-4C18-B0F4-4E58B45A0630}"
EndProject
Project("{2150E333-8FDC-42A3-9474-1A3956D46DE8}") = "7 - Documentation", "7 - Documentation", "{A62E0FB5-1D6C-402E-B2CE-92B6511D5DD9}"
	ProjectSection(SolutionItems) = preProject
		LICENSE = LICENSE
		README.md = README.md
	EndProjectSection
EndProject
Project("{2150E333-8FDC-42A3-9474-1A3956D46DE8}") = "Data Services", "Data Services", "{CE9BE0D4-76A6-48A8-A192-774992C348CB}"
EndProject
Project("{2150E333-8FDC-42A3-9474-1A3956D46DE8}") = "Integration Services", "Integration Services", "{A3DEE932-79A4-40F3-AA21-157C9B416ED2}"
EndProject
Project("{2150E333-8FDC-42A3-9474-1A3956D46DE8}") = "Extensions", "Extensions", "{D9B96C46-2504-4DAB-804F-3115100A063D}"
EndProject
Project("{9A19103F-16F7-4668-BE54-9A1E7A4F7556}") = "System.Extensions", "src\System.Extensions\System.Extensions.csproj", "{C6683CE1-CFB0-44BB-9019-E4D089700C1E}"
EndProject
Project("{9A19103F-16F7-4668-BE54-9A1E7A4F7556}") = "Blog.Domain", "src\Blog.Domain\Blog.Domain.csproj", "{855F5C6B-41CA-4030-9861-A4DEAC8D651F}"
EndProject
Project("{9A19103F-16F7-4668-BE54-9A1E7A4F7556}") = "Blog.Application", "src\Blog.Application\Blog.Application.csproj", "{54DCAA61-4506-40B7-838C-6C32EF79A256}"
EndProject
Project("{9A19103F-16F7-4668-BE54-9A1E7A4F7556}") = "Blog.Application.Core", "src\Blog.Application.Core\Blog.Application.Core.csproj", "{FE392424-FA93-43AF-B33E-B8EBA5684FDD}"
EndProject
Project("{9A19103F-16F7-4668-BE54-9A1E7A4F7556}") = "Blog.Infrastructure", "src\Blog.Infrastructure\Blog.Infrastructure.csproj", "{CA5A8900-FDFF-478F-8B19-F4ED11B21502}"
EndProject
Project("{9A19103F-16F7-4668-BE54-9A1E7A4F7556}") = "Blog.InMemory", "src\Blog.InMemory\Blog.InMemory.csproj", "{1A33269D-18CF-4D13-810B-9A7D926BD276}"
EndProject
Project("{9A19103F-16F7-4668-BE54-9A1E7A4F7556}") = "Microsoft.AspNetCore.Extensions", "src\Microsoft.AspNetCore.Extensions\Microsoft.AspNetCore.Extensions.csproj", "{05200289-02CA-468C-B3A7-CC84DAC4B096}"
EndProject
Project("{2150E333-8FDC-42A3-9474-1A3956D46DE8}") = "Kubernetes", "Kubernetes", "{59F76835-9734-4912-9BA0-C62795632AEA}"
	ProjectSection(SolutionItems) = preProject
		k8s\deployment.yaml = k8s\deployment.yaml
		k8s\namespace.yaml = k8s\namespace.yaml
		k8s\service.yaml = k8s\service.yaml
	EndProjectSection
EndProject
Project("{9A19103F-16F7-4668-BE54-9A1E7A4F7556}") = "Blog.WebApi", "src\Blog.WebApi\Blog.WebApi.csproj", "{53CFC12D-DE4A-4E71-8D72-D610A6B43C14}"
EndProject
Project("{FAE04EC0-301F-11D3-BF4B-00C04F79EFBC}") = "Blog.WebApp", "src\Blog.WebApp\Blog.WebApp.csproj", "{14A2D350-1E05-4EBB-BC5F-29C1CF10BB59}"
EndProject
Global
	GlobalSection(SolutionConfigurationPlatforms) = preSolution
		Debug|Any CPU = Debug|Any CPU
		Release|Any CPU = Release|Any CPU
	EndGlobalSection
	GlobalSection(ProjectConfigurationPlatforms) = postSolution
		{59B36EE4-19A8-4B83-ADDE-53CC2437E989}.Debug|Any CPU.ActiveCfg = Debug|Any CPU
		{59B36EE4-19A8-4B83-ADDE-53CC2437E989}.Debug|Any CPU.Build.0 = Debug|Any CPU
		{59B36EE4-19A8-4B83-ADDE-53CC2437E989}.Release|Any CPU.ActiveCfg = Release|Any CPU
		{59B36EE4-19A8-4B83-ADDE-53CC2437E989}.Release|Any CPU.Build.0 = Release|Any CPU
		{C6683CE1-CFB0-44BB-9019-E4D089700C1E}.Debug|Any CPU.ActiveCfg = Debug|Any CPU
		{C6683CE1-CFB0-44BB-9019-E4D089700C1E}.Debug|Any CPU.Build.0 = Debug|Any CPU
		{C6683CE1-CFB0-44BB-9019-E4D089700C1E}.Release|Any CPU.ActiveCfg = Release|Any CPU
		{C6683CE1-CFB0-44BB-9019-E4D089700C1E}.Release|Any CPU.Build.0 = Release|Any CPU
		{855F5C6B-41CA-4030-9861-A4DEAC8D651F}.Debug|Any CPU.ActiveCfg = Debug|Any CPU
		{855F5C6B-41CA-4030-9861-A4DEAC8D651F}.Debug|Any CPU.Build.0 = Debug|Any CPU
		{855F5C6B-41CA-4030-9861-A4DEAC8D651F}.Release|Any CPU.ActiveCfg = Release|Any CPU
		{855F5C6B-41CA-4030-9861-A4DEAC8D651F}.Release|Any CPU.Build.0 = Release|Any CPU
		{54DCAA61-4506-40B7-838C-6C32EF79A256}.Debug|Any CPU.ActiveCfg = Debug|Any CPU
		{54DCAA61-4506-40B7-838C-6C32EF79A256}.Debug|Any CPU.Build.0 = Debug|Any CPU
		{54DCAA61-4506-40B7-838C-6C32EF79A256}.Release|Any CPU.ActiveCfg = Release|Any CPU
		{54DCAA61-4506-40B7-838C-6C32EF79A256}.Release|Any CPU.Build.0 = Release|Any CPU
		{FE392424-FA93-43AF-B33E-B8EBA5684FDD}.Debug|Any CPU.ActiveCfg = Debug|Any CPU
		{FE392424-FA93-43AF-B33E-B8EBA5684FDD}.Debug|Any CPU.Build.0 = Debug|Any CPU
		{FE392424-FA93-43AF-B33E-B8EBA5684FDD}.Release|Any CPU.ActiveCfg = Release|Any CPU
		{FE392424-FA93-43AF-B33E-B8EBA5684FDD}.Release|Any CPU.Build.0 = Release|Any CPU
		{CA5A8900-FDFF-478F-8B19-F4ED11B21502}.Debug|Any CPU.ActiveCfg = Debug|Any CPU
		{CA5A8900-FDFF-478F-8B19-F4ED11B21502}.Debug|Any CPU.Build.0 = Debug|Any CPU
		{CA5A8900-FDFF-478F-8B19-F4ED11B21502}.Release|Any CPU.ActiveCfg = Release|Any CPU
		{CA5A8900-FDFF-478F-8B19-F4ED11B21502}.Release|Any CPU.Build.0 = Release|Any CPU
		{1A33269D-18CF-4D13-810B-9A7D926BD276}.Debug|Any CPU.ActiveCfg = Debug|Any CPU
		{1A33269D-18CF-4D13-810B-9A7D926BD276}.Debug|Any CPU.Build.0 = Debug|Any CPU
		{1A33269D-18CF-4D13-810B-9A7D926BD276}.Release|Any CPU.ActiveCfg = Release|Any CPU
		{1A33269D-18CF-4D13-810B-9A7D926BD276}.Release|Any CPU.Build.0 = Release|Any CPU
		{05200289-02CA-468C-B3A7-CC84DAC4B096}.Debug|Any CPU.ActiveCfg = Debug|Any CPU
		{05200289-02CA-468C-B3A7-CC84DAC4B096}.Debug|Any CPU.Build.0 = Debug|Any CPU
		{05200289-02CA-468C-B3A7-CC84DAC4B096}.Release|Any CPU.ActiveCfg = Release|Any CPU
		{05200289-02CA-468C-B3A7-CC84DAC4B096}.Release|Any CPU.Build.0 = Release|Any CPU
		{53CFC12D-DE4A-4E71-8D72-D610A6B43C14}.Debug|Any CPU.ActiveCfg = Debug|Any CPU
		{53CFC12D-DE4A-4E71-8D72-D610A6B43C14}.Debug|Any CPU.Build.0 = Debug|Any CPU
		{53CFC12D-DE4A-4E71-8D72-D610A6B43C14}.Release|Any CPU.ActiveCfg = Release|Any CPU
		{53CFC12D-DE4A-4E71-8D72-D610A6B43C14}.Release|Any CPU.Build.0 = Release|Any CPU
		{14A2D350-1E05-4EBB-BC5F-29C1CF10BB59}.Debug|Any CPU.ActiveCfg = Debug|Any CPU
		{14A2D350-1E05-4EBB-BC5F-29C1CF10BB59}.Debug|Any CPU.Build.0 = Debug|Any CPU
		{14A2D350-1E05-4EBB-BC5F-29C1CF10BB59}.Release|Any CPU.ActiveCfg = Release|Any CPU
		{14A2D350-1E05-4EBB-BC5F-29C1CF10BB59}.Release|Any CPU.Build.0 = Release|Any CPU
	EndGlobalSection
	GlobalSection(SolutionProperties) = preSolution
		HideSolutionNode = FALSE
	EndGlobalSection
	GlobalSection(NestedProjects) = preSolution
		{59B36EE4-19A8-4B83-ADDE-53CC2437E989} = {55D9131B-CC93-4478-BFE9-6DFAB9844F69}
		{CE9BE0D4-76A6-48A8-A192-774992C348CB} = {D39D832A-A1EA-4124-9553-ABF312CFF19C}
		{A3DEE932-79A4-40F3-AA21-157C9B416ED2} = {D39D832A-A1EA-4124-9553-ABF312CFF19C}
		{D9B96C46-2504-4DAB-804F-3115100A063D} = {D39D832A-A1EA-4124-9553-ABF312CFF19C}
		{C6683CE1-CFB0-44BB-9019-E4D089700C1E} = {B77BBA49-B72D-4C18-B0F4-4E58B45A0630}
		{855F5C6B-41CA-4030-9861-A4DEAC8D651F} = {9FC24036-4CE0-4ECB-B32C-3DCAE5099208}
		{54DCAA61-4506-40B7-838C-6C32EF79A256} = {9E6C29D7-5F1B-4B96-AF01-10D512C19E95}
		{FE392424-FA93-43AF-B33E-B8EBA5684FDD} = {9E6C29D7-5F1B-4B96-AF01-10D512C19E95}
		{CA5A8900-FDFF-478F-8B19-F4ED11B21502} = {D39D832A-A1EA-4124-9553-ABF312CFF19C}
		{1A33269D-18CF-4D13-810B-9A7D926BD276} = {CE9BE0D4-76A6-48A8-A192-774992C348CB}
		{05200289-02CA-468C-B3A7-CC84DAC4B096} = {B77BBA49-B72D-4C18-B0F4-4E58B45A0630}
		{59F76835-9734-4912-9BA0-C62795632AEA} = {D39D832A-A1EA-4124-9553-ABF312CFF19C}
		{53CFC12D-DE4A-4E71-8D72-D610A6B43C14} = {55D9131B-CC93-4478-BFE9-6DFAB9844F69}
		{14A2D350-1E05-4EBB-BC5F-29C1CF10BB59} = {55D9131B-CC93-4478-BFE9-6DFAB9844F69}
	EndGlobalSection
	GlobalSection(ExtensibilityGlobals) = postSolution
		SolutionGuid = {CBC42768-CD44-44E6-B35A-BB92F9146A96}
	EndGlobalSection
EndGlobal
